{
  "version": 4,
  "terraform_version": "1.14.6",
  "serial": 4,
  "lineage": "b5533eb3-aef3-1825-7831-28733694b1c0",
  "outputs": {
    "public_dns": {
      "value": "ec2-34-244-140-189.eu-west-1.compute.amazonaws.com",
      "type": "string"
    },
    "public_ip": {
      "value": "34.244.140.189",
      "type": "string"
    }
  },
  "resources": [
    {
      "mode": "managed",
      "type": "aws_instance",
      "name": "web",
      "provider": "provider[\"registry.terraform.io/hashicorp/aws\"]",
      "instances": [
        {
          "schema_version": 2,
          "attributes": {
            "ami": "ami-03446a3af42c5e74e",
            "arn": "arn:aws:ec2:eu-west-1:390403871278:instance/i-0fbf25a74a09fcc57",
            "associate_public_ip_address": true,
            "availability_zone": "eu-west-1a",
            "capacity_reservation_specification": [
              {
                "capacity_reservation_preference": "open",
                "capacity_reservation_target": []
              }
            ],
            "cpu_options": [
              {
                "amd_sev_snp": "",
                "core_count": 1,
                "nested_virtualization": "",
                "threads_per_core": 2
              }
            ],
            "credit_specification": [
              {
                "cpu_credits": "unlimited"
              }
            ],
            "disable_api_stop": false,
            "disable_api_termination": false,
            "ebs_block_device": [],
            "ebs_optimized": false,
            "enable_primary_ipv6": null,
            "enclave_options": [
              {
                "enabled": false
              }
            ],
            "ephemeral_block_device": [],
            "force_destroy": false,
            "get_password_data": false,
            "hibernation": false,
            "host_id": "",
            "host_resource_group_arn": null,
            "iam_instance_profile": "",
            "id": "i-0fbf25a74a09fcc57",
            "instance_initiated_shutdown_behavior": "stop",
            "instance_lifecycle": "",
            "instance_market_options": [],
            "instance_state": "running",
            "instance_type": "t3.micro",
            "ipv6_address_count": 0,
            "ipv6_addresses": [],
            "key_name": "terraformkey",
            "launch_template": [],
            "maintenance_options": [
              {
                "auto_recovery": "default"
              }
            ],
            "metadata_options": [
              {
                "http_endpoint": "enabled",
                "http_protocol_ipv6": "disabled",
                "http_put_response_hop_limit": 2,
                "http_tokens": "required",
                "instance_metadata_tags": "disabled"
              }
            ],
            "monitoring": false,
            "network_interface": [],
            "outpost_arn": "",
            "password_data": "",
            "placement_group": "",
            "placement_group_id": "",
            "placement_partition_number": 0,
            "primary_network_interface": [
              {
                "delete_on_termination": true,
                "network_interface_id": "eni-046e2572158f25c9b"
              }
            ],
            "primary_network_interface_id": "eni-046e2572158f25c9b",
            "private_dns": "ip-172-31-29-50.eu-west-1.compute.internal",
            "private_dns_name_options": [
              {
                "enable_resource_name_dns_a_record": false,
                "enable_resource_name_dns_aaaa_record": false,
                "hostname_type": "ip-name"
              }
            ],
            "private_ip": "172.31.29.50",
            "public_dns": "ec2-34-244-140-189.eu-west-1.compute.amazonaws.com",
            "public_ip": "34.244.140.189",
            "region": "eu-west-1",
            "root_block_device": [
              {
                "delete_on_termination": true,
                "device_name": "/dev/sda1",
                "encrypted": false,
                "iops": 3000,
                "kms_key_id": "",
                "tags": {},
                "tags_all": {},
                "throughput": 125,
                "volume_id": "vol-054eef9e541458b4f",
                "volume_size": 8,
                "volume_type": "gp3"
              }
            ],
            "secondary_network_interface": [],
            "secondary_private_ips": [],
            "security_groups": [
              "terraformkey-secgrp"
            ],
            "source_dest_check": true,
            "spot_instance_request_id": "",
            "subnet_id": "subnet-0884fb2036b035c32",
            "tags": {
              "Name": "CloudAutomation"
            },
            "tags_all": {
              "Name": "CloudAutomation"
            },
            "tenancy": "default",
            "timeouts": null,
            "user_data": null,
            "user_data_base64": null,
            "user_data_replace_on_change": false,
            "volume_tags": null,
            "vpc_security_group_ids": [
              "sg-0ab9e90b31d0e74a6"
            ]
          },
          "sensitive_attributes": [],
          "identity_schema_version": 0,
          "identity": {
            "account_id": "390403871278",
            "id": "i-0fbf25a74a09fcc57",
            "region": "eu-west-1"
          },
          "private": "eyJlMmJmYjczMC1lY2FhLTExZTYtOGY4OC0zNDM2M2JjN2M0YzAiOnsiY3JlYXRlIjo2MDAwMDAwMDAwMDAsImRlbGV0ZSI6MTIwMDAwMDAwMDAwMCwicmVhZCI6OTAwMDAwMDAwMDAwLCJ1cGRhdGUiOjYwMDAwMDAwMDAwMH0sInNjaGVtYV92ZXJzaW9uIjoiMiJ9",
          "dependencies": [
            "aws_key_pair.devops_key",
            "aws_security_group.web_sg"
          ]
        }
      ]
    },
    {
      "mode": "managed",
      "type": "aws_key_pair",
      "name": "devops_key",
      "provider": "provider[\"registry.terraform.io/hashicorp/aws\"]",
      "instances": [
        {
          "schema_version": 1,
          "attributes": {
            "arn": "arn:aws:ec2:eu-west-1:390403871278:key-pair/terraformkey",
            "fingerprint": "96:52:05:24:d2:d2:85:17:70:05:51:05:82:39:77:e3",
            "id": "terraformkey",
            "key_name": "terraformkey",
            "key_name_prefix": "",
            "key_pair_id": "key-05722fdfafa14e74d",
            "key_type": "rsa",
            "public_key": "ssh-rsa AAAAB3NzaC1yc2EAAAADAQABAAACAQCrN4SZqregtpCu59LaWOtKrMItCu2e7g6YydH3CVShh3otQ3+v3rl6x3vhLRZj/R9v1tNQPFWOWXfmMY0cUi2tV3zeW9i8iYsff5b/fOutnaJ0F9gfQ+oZN9m+/tI5sX+/raRnugsUB9/FvBYFRhUSDKnGaAixXR1qAyQ6w7uPabqsLrGGfVLA5DgLVWxTEA7eyFlyNzekc7B2DAad0lR6BYDJBt8KfMjgMP/BiixgmZz7KvyrEHQg84TJRTu6tXGL7QYDAPqGIPqUuSz6jXtBBfaVbNx7//WyisQYINipv5qgCG36roon7FeNB3MlWc9gu68qM2Q2iI1RR3yqGG8Zluzu/firwMwNQOjSy9uhR0Bv+SpuMB7MG62qiKVWBQojm4Z2WwRGICarn+4nXc/M5cmSEyBpdBbX4RRRS1ywh+8GD2IjbkXvoe1Bp5OGF0cCzPv+3L8F88Rzgs4jRWnGZJczWvDe6MNls/gZ69l6JIQ6BMqacIhbxk0kkGrTq+7ctePX2BYQirDbso3n2xASzlBQcu86LvIDWpB4DZF59NHK5FFJbdlLhqeXD6MrCsALGqJF7RrgWbc4I7Z15eF1NX0JU5gFi/GNbmj8yN0O1d7vVlvnfKCNLXWp0KkdryghtKCZiKf5Opq5gC837Gw4SStash34l/LhFtUl7PQXAQ== admin@Rohan-LegionY540",
            "region": "eu-west-1",
            "tags": null,
            "tags_all": {}
          },
          "sensitive_attributes": [],
          "identity_schema_version": 0,
          "private": "eyJzY2hlbWFfdmVyc2lvbiI6IjEifQ=="
        }
      ]
    },
    {
      "mode": "managed",
      "type": "aws_security_group",
      "name": "web_sg",
      "provider": "provider[\"registry.terraform.io/hashicorp/aws\"]",
      "instances": [
        {
          "schema_version": 1,
          "attributes": {
            "arn": "arn:aws:ec2:eu-west-1:390403871278:security-group/sg-0ab9e90b31d0e74a6",
            "description": "Allow SSH and HTTP",
            "egress": [
              {
                "cidr_blocks": [
                  "0.0.0.0/0"
                ],
                "description": "Allow all outbound",
                "from_port": 0,
                "ipv6_cidr_blocks": [],
                "prefix_list_ids": [],
                "protocol": "-1",
                "security_groups": [],
                "self": false,
                "to_port": 0
              }
            ],
            "id": "sg-0ab9e90b31d0e74a6",
            "ingress": [
              {
                "cidr_blocks": [
                  "0.0.0.0/0"
                ],
                "description": "HTTP Access",
                "from_port": 80,
                "ipv6_cidr_blocks": [],
                "prefix_list_ids": [],
                "protocol": "tcp",
                "security_groups": [],
                "self": false,
                "to_port": 80
              },
              {
                "cidr_blocks": [
                  "0.0.0.0/0"
                ],
                "description": "SSH Access",
                "from_port": 22,
                "ipv6_cidr_blocks": [],
                "prefix_list_ids": [],
                "protocol": "tcp",
                "security_groups": [],
                "self": false,
                "to_port": 22
              }
            ],
            "name": "terraformkey-secgrp",
            "name_prefix": "",
            "owner_id": "390403871278",
            "region": "eu-west-1",
            "revoke_rules_on_delete": false,
            "tags": {
              "Name": "terraformkey-secgrp"
            },
            "tags_all": {
              "Name": "terraformkey-secgrp"
            },
            "timeouts": null,
            "vpc_id": "vpc-0f021cd4022e4e963"
          },
          "sensitive_attributes": [],
          "identity_schema_version": 0,
          "identity": {
            "account_id": "390403871278",
            "id": "sg-0ab9e90b31d0e74a6",
            "region": "eu-west-1"
          },
          "private": "eyJlMmJmYjczMC1lY2FhLTExZTYtOGY4OC0zNDM2M2JjN2M0YzAiOnsiY3JlYXRlIjo2MDAwMDAwMDAwMDAsImRlbGV0ZSI6OTAwMDAwMDAwMDAwfSwic2NoZW1hX3ZlcnNpb24iOiIxIn0="
        }
      ]
    }
  ],
  "check_results": null
}
